
Microsoft Visual Studio Solution File, Format Version 12.00
# Visual Studio 15
VisualStudioVersion = 15.0.27703.2047
MinimumVisualStudioVersion = 10.0.40219.1
Project("{FAE04EC0-301F-11D3-BF4B-00C04F79EFBC}") = "LegendaryLayout", "LegendaryLayout\LegendaryLayout.csproj", "{E7A39E8D-C10C-4465-BB32-71EBD23E49D4}"
EndProject
Global
	GlobalSection(SolutionConfigurationPlatforms) = preSolution
		Debug|ARM = Debug|ARM
		Debug|x64 = Debug|x64
		Debug|x86 = Debug|x86
		Release|ARM = Release|ARM
		Release|x64 = Release|x64
		Release|x86 = Release|x86
	EndGlobalSection
	GlobalSection(ProjectConfigurationPlatforms) = postSolution
		{E7A39E8D-C10C-4465-BB32-71EBD23E49D4}.Debug|ARM.ActiveCfg = Debug|ARM
		{E7A39E8D-C10C-4465-BB32-71EBD23E49D4}.Debug|ARM.Build.0 = Debug|ARM
		{E7A39E8D-C10C-4465-BB32-71EBD23E49D4}.Debug|ARM.Deploy.0 = Debug|ARM
		{E7A39E8D-C10C-4465-BB32-71EBD23E49D4}.Debug|x64.ActiveCfg = Debug|x64
		{E7A39E8D-C10C-4465-BB32-71EBD23E49D4}.Debug|x64.Build.0 = Debug|x64
		{E7A39E8D-C10C-4465-BB32-71EBD23E49D4}.Debug|x64.Deploy.0 = Debug|x64
		{E7A39E8D-C10C-4465-BB32-71EBD23E49D4}.Debug|x86.ActiveCfg = Debug|x86
		{E7A39E8D-C10C-4465-BB32-71EBD23E49D4}.Debug|x86.Build.0 = Debug|x86
		{E7A39E8D-C10C-4465-BB32-71EBD23E49D4}.Debug|x86.Deploy.0 = Debug|x86
		{E7A39E8D-C10C-4465-BB32-71EBD23E49D4}.Release|ARM.ActiveCfg = Release|ARM
		{E7A39E8D-C10C-4465-BB32-71EBD23E49D4}.Release|ARM.Build.0 = Release|ARM
		{E7A39E8D-C10C-4465-BB32-71EBD23E49D4}.Release|ARM.Deploy.0 = Release|ARM
		{E7A39E8D-C10C-4465-BB32-71EBD23E49D4}.Release|x64.ActiveCfg = Release|x64
		{E7A39E8D-C10C-4465-BB32-71EBD23E49D4}.Release|x64.Build.0 = Release|x64
		{E7A39E8D-C10C-4465-BB32-71EBD23E49D4}.Release|x64.Deploy.0 = Release|x64
		{E7A39E8D-C10C-4465-BB32-71EBD23E49D4}.Release|x86.ActiveCfg = Release|x86
		{E7A39E8D-C10C-4465-BB32-71EBD23E49D4}.Release|x86.Build.0 = Release|x86
		{E7A39E8D-C10C-4465-BB32-71EBD23E49D4}.Release|x86.Deploy.0 = Release|x86
	EndGlobalSection
	GlobalSection(SolutionProperties) = preSolution
		HideSolutionNode = FALSE
	EndGlobalSection
	GlobalSection(ExtensibilityGlobals) = postSolution
		SolutionGuid = {A8E875DA-A631-420C-BD6C-D6CE819ECE75}
	EndGlobalSection
EndGlobal
