
Microsoft Visual Studio Solution File, Format Version 12.00
# Visual Studio 15
VisualStudioVersion = 15.0.27703.2047
MinimumVisualStudioVersion = 10.0.40219.1
Project("{FAE04EC0-301F-11D3-BF4B-00C04F79EFBC}") = "GoNutsChallenge", "GoNutsChallenge\GoNutsChallenge.csproj", "{F72EFAAC-E580-4C83-9512-EF28F13B8FD3}"
EndProject
Global
	GlobalSection(SolutionConfigurationPlatforms) = preSolution
		Debug|ARM = Debug|ARM
		Debug|x64 = Debug|x64
		Debug|x86 = Debug|x86
		Release|ARM = Release|ARM
		Release|x64 = Release|x64
		Release|x86 = Release|x86
	EndGlobalSection
	GlobalSection(ProjectConfigurationPlatforms) = postSolution
		{F72EFAAC-E580-4C83-9512-EF28F13B8FD3}.Debug|ARM.ActiveCfg = Debug|ARM
		{F72EFAAC-E580-4C83-9512-EF28F13B8FD3}.Debug|ARM.Build.0 = Debug|ARM
		{F72EFAAC-E580-4C83-9512-EF28F13B8FD3}.Debug|ARM.Deploy.0 = Debug|ARM
		{F72EFAAC-E580-4C83-9512-EF28F13B8FD3}.Debug|x64.ActiveCfg = Debug|x64
		{F72EFAAC-E580-4C83-9512-EF28F13B8FD3}.Debug|x64.Build.0 = Debug|x64
		{F72EFAAC-E580-4C83-9512-EF28F13B8FD3}.Debug|x64.Deploy.0 = Debug|x64
		{F72EFAAC-E580-4C83-9512-EF28F13B8FD3}.Debug|x86.ActiveCfg = Debug|x86
		{F72EFAAC-E580-4C83-9512-EF28F13B8FD3}.Debug|x86.Build.0 = Debug|x86
		{F72EFAAC-E580-4C83-9512-EF28F13B8FD3}.Debug|x86.Deploy.0 = Debug|x86
		{F72EFAAC-E580-4C83-9512-EF28F13B8FD3}.Release|ARM.ActiveCfg = Release|ARM
		{F72EFAAC-E580-4C83-9512-EF28F13B8FD3}.Release|ARM.Build.0 = Release|ARM
		{F72EFAAC-E580-4C83-9512-EF28F13B8FD3}.Release|ARM.Deploy.0 = Release|ARM
		{F72EFAAC-E580-4C83-9512-EF28F13B8FD3}.Release|x64.ActiveCfg = Release|x64
		{F72EFAAC-E580-4C83-9512-EF28F13B8FD3}.Release|x64.Build.0 = Release|x64
		{F72EFAAC-E580-4C83-9512-EF28F13B8FD3}.Release|x64.Deploy.0 = Release|x64
		{F72EFAAC-E580-4C83-9512-EF28F13B8FD3}.Release|x86.ActiveCfg = Release|x86
		{F72EFAAC-E580-4C83-9512-EF28F13B8FD3}.Release|x86.Build.0 = Release|x86
		{F72EFAAC-E580-4C83-9512-EF28F13B8FD3}.Release|x86.Deploy.0 = Release|x86
	EndGlobalSection
	GlobalSection(SolutionProperties) = preSolution
		HideSolutionNode = FALSE
	EndGlobalSection
	GlobalSection(ExtensibilityGlobals) = postSolution
		SolutionGuid = {68B97E48-7C8C-4A40-BA6C-D8CC7CE66582}
	EndGlobalSection
EndGlobal
